
Microsoft Visual Studio Solution File, Format Version 12.00
# Visual Studio 15
VisualStudioVersion = 15.0.28010.2019
MinimumVisualStudioVersion = 10.0.40219.1
Project("{FAE04EC0-301F-11D3-BF4B-00C04F79EFBC}") = "lab04y2", "lab04y2\lab04y2.csproj", "{2B1FE6CF-941B-4B7F-8D43-85C1167D8FCF}"
EndProject
Global
	GlobalSection(SolutionConfigurationPlatforms) = preSolution
		Debug|Any CPU = Debug|Any CPU
		Release|Any CPU = Release|Any CPU
	EndGlobalSection
	GlobalSection(ProjectConfigurationPlatforms) = postSolution
		{2B1FE6CF-941B-4B7F-8D43-85C1167D8FCF}.Debug|Any CPU.ActiveCfg = Debug|Any CPU
		{2B1FE6CF-941B-4B7F-8D43-85C1167D8FCF}.Debug|Any CPU.Build.0 = Debug|Any CPU
		{2B1FE6CF-941B-4B7F-8D43-85C1167D8FCF}.Release|Any CPU.ActiveCfg = Release|Any CPU
		{2B1FE6CF-941B-4B7F-8D43-85C1167D8FCF}.Release|Any CPU.Build.0 = Release|Any CPU
	EndGlobalSection
	GlobalSection(SolutionProperties) = preSolution
		HideSolutionNode = FALSE
	EndGlobalSection
	GlobalSection(ExtensibilityGlobals) = postSolution
		SolutionGuid = {89B49A7D-5184-4494-A3A8-5D6AFCB53804}
	EndGlobalSection
EndGlobal
